
Microsoft Visual Studio Solution File, Format Version 12.00
# Visual Studio Version 17
VisualStudioVersion = 17.8.34408.163
MinimumVisualStudioVersion = 10.0.40219.1
Project("{FAE04EC0-301F-11D3-BF4B-00C04F79EFBC}") = "JofShop", "JofShop\JofShop.csproj", "{5943769D-65E6-42C6-AA65-91039BF210BA}"
EndProject
Global
	GlobalSection(SolutionConfigurationPlatforms) = preSolution
		Debug|Any CPU = Debug|Any CPU
		Release|Any CPU = Release|Any CPU
	EndGlobalSection
	GlobalSection(ProjectConfigurationPlatforms) = postSolution
		{5943769D-65E6-42C6-AA65-91039BF210BA}.Debug|Any CPU.ActiveCfg = Debug|Any CPU
		{5943769D-65E6-42C6-AA65-91039BF210BA}.Debug|Any CPU.Build.0 = Debug|Any CPU
		{5943769D-65E6-42C6-AA65-91039BF210BA}.Release|Any CPU.ActiveCfg = Release|Any CPU
		{5943769D-65E6-42C6-AA65-91039BF210BA}.Release|Any CPU.Build.0 = Release|Any CPU
	EndGlobalSection
	GlobalSection(SolutionProperties) = preSolution
		HideSolutionNode = FALSE
	EndGlobalSection
	GlobalSection(ExtensibilityGlobals) = postSolution
		SolutionGuid = {D206C25B-7143-4F7F-BC91-513EADD60214}
	EndGlobalSection
EndGlobal
